
Microsoft Visual Studio Solution File, Format Version 12.00
# Visual Studio Version 16
VisualStudioVersion = 16.0.31515.178
MinimumVisualStudioVersion = 10.0.40219.1
Project("{FAE04EC0-301F-11D3-BF4B-00C04F79EFBC}") = "RPSLS_Game", "RPSLS_Game\RPSLS_Game.csproj", "{AFCDFD67-7286-4B89-906F-6F24730D64D2}"
EndProject
Global
	GlobalSection(SolutionConfigurationPlatforms) = preSolution
		Debug|Any CPU = Debug|Any CPU
		Release|Any CPU = Release|Any CPU
	EndGlobalSection
	GlobalSection(ProjectConfigurationPlatforms) = postSolution
		{AFCDFD67-7286-4B89-906F-6F24730D64D2}.Debug|Any CPU.ActiveCfg = Debug|Any CPU
		{AFCDFD67-7286-4B89-906F-6F24730D64D2}.Debug|Any CPU.Build.0 = Debug|Any CPU
		{AFCDFD67-7286-4B89-906F-6F24730D64D2}.Release|Any CPU.ActiveCfg = Release|Any CPU
		{AFCDFD67-7286-4B89-906F-6F24730D64D2}.Release|Any CPU.Build.0 = Release|Any CPU
	EndGlobalSection
	GlobalSection(SolutionProperties) = preSolution
		HideSolutionNode = FALSE
	EndGlobalSection
	GlobalSection(ExtensibilityGlobals) = postSolution
		SolutionGuid = {2CCCB3DC-D2F1-41AE-A7A7-83D0D881E870}
	EndGlobalSection
EndGlobal
